{
    "_meta": {
        "hash": {
            "sha256": "abc8d778a9e2ed47fcbb5ffd929525872bdf100e6642847498c7659c7236bb3b"
        },
        "pipfile-spec": 6,
        "requires": {
            "python_version": "3"
        },
        "sources": [
            {
                "name": "pypi",
                "url": "https://pypi.org/simple",
                "verify_ssl": true
            }
        ]
    },
    "default": {
        "jssg": {
            "path": "./jssg"
        }
    },
    "develop": {}
}
